// !$*UTF8*$!
{
	archiveVersion = 1;
	classes = {
	};
	objectVersion = 77;
	objects = {

/* Begin PBXBuildFile section */
		232D717C2E06C388007B693D /* Lottie in Frameworks */ = {isa = PBXBuildFile; productRef = 232D717B2E06C388007B693D /* Lottie */; };
		232F693A2DF5C7DB00E81CE3 /* ObiletCalendar in Frameworks */ = {isa = PBXBuildFile; productRef = 232F69392DF5C7DB00E81CE3 /* ObiletCalendar */; };
		232F693C2DF5C7DB00E81CE3 /* ObiletCollectionView in Frameworks */ = {isa = PBXBuildFile; productRef = 232F693B2DF5C7DB00E81CE3 /* ObiletCollectionView */; };
		23A2F6802E047CDF00C98FB3 /* ZIPFoundation in Frameworks */ = {isa = PBXBuildFile; productRef = 23A2F67F2E047CDF00C98FB3 /* ZIPFoundation */; };
		23CF4C832E0693DC0099578F /* MBWebService in Frameworks */ = {isa = PBXBuildFile; productRef = 23CF4C822E0693DC0099578F /* MBWebService */; };
/* End PBXBuildFile section */

/* Begin PBXCopyFilesBuildPhase section */
		232D71802E06C3BD007B693D /* Embed Frameworks */ = {
			isa = PBXCopyFilesBuildPhase;
			buildActionMask = 2147483647;
			dstPath = "";
			dstSubfolderSpec = 10;
			files = (
			);
			name = "Embed Frameworks";
			runOnlyForDeploymentPostprocessing = 0;
		};
/* End PBXCopyFilesBuildPhase section */

/* Begin PBXFileReference section */
		23102B722DEC77010087076E /* EmotionsWithAI.app */ = {isa = PBXFileReference; explicitFileType = wrapper.application; includeInIndex = 0; path = EmotionsWithAI.app; sourceTree = BUILT_PRODUCTS_DIR; };
/* End PBXFileReference section */

/* Begin PBXFileSystemSynchronizedBuildFileExceptionSet section */
		232D719A2E07FD5E007B693D /* Exceptions for "EmotionsWithAI" folder in "EmotionsWithAI" target */ = {
			isa = PBXFileSystemSynchronizedBuildFileExceptionSet;
			membershipExceptions = (
				Services/WebService/Models/Mock.json,
			);
			target = 23102B712DEC77010087076E /* EmotionsWithAI */;
		};
/* End PBXFileSystemSynchronizedBuildFileExceptionSet section */

/* Begin PBXFileSystemSynchronizedGroupBuildPhaseMembershipExceptionSet section */
		232D719B2E07FD5E007B693D /* Exceptions for "EmotionsWithAI" folder in "Compile Sources" phase from "EmotionsWithAI" target */ = {
			isa = PBXFileSystemSynchronizedGroupBuildPhaseMembershipExceptionSet;
			buildPhase = 23102B6E2DEC77010087076E /* Sources */;
			membershipExceptions = (
				Services/WebService/Models/Mock.json,
			);
		};
/* End PBXFileSystemSynchronizedGroupBuildPhaseMembershipExceptionSet section */

/* Begin PBXFileSystemSynchronizedRootGroup section */
		23102B742DEC77010087076E /* EmotionsWithAI */ = {
			isa = PBXFileSystemSynchronizedRootGroup;
			exceptions = (
				232D719A2E07FD5E007B693D /* Exceptions for "EmotionsWithAI" folder in "EmotionsWithAI" target */,
				232D719B2E07FD5E007B693D /* Exceptions for "EmotionsWithAI" folder in "Compile Sources" phase from "EmotionsWithAI" target */,
			);
			path = EmotionsWithAI;
			sourceTree = "<group>";
		};
/* End PBXFileSystemSynchronizedRootGroup section */

/* Begin PBXFrameworksBuildPhase section */
		23102B6F2DEC77010087076E /* Frameworks */ = {
			isa = PBXFrameworksBuildPhase;
			buildActionMask = 2147483647;
			files = (
				232D717C2E06C388007B693D /* Lottie in Frameworks */,
				232F693C2DF5C7DB00E81CE3 /* ObiletCollectionView in Frameworks */,
				232F693A2DF5C7DB00E81CE3 /* ObiletCalendar in Frameworks */,
				23CF4C832E0693DC0099578F /* MBWebService in Frameworks */,
				23A2F6802E047CDF00C98FB3 /* ZIPFoundation in Frameworks */,
			);
			runOnlyForDeploymentPostprocessing = 0;
		};
/* End PBXFrameworksBuildPhase section */

/* Begin PBXGroup section */
		23102B692DEC77000087076E = {
			isa = PBXGroup;
			children = (
				23102B742DEC77010087076E /* EmotionsWithAI */,
				23102B732DEC77010087076E /* Products */,
			);
			sourceTree = "<group>";
		};
		23102B732DEC77010087076E /* Products */ = {
			isa = PBXGroup;
			children = (
				23102B722DEC77010087076E /* EmotionsWithAI.app */,
			);
			name = Products;
			sourceTree = "<group>";
		};
/* End PBXGroup section */

/* Begin PBXNativeTarget section */
		23102B712DEC77010087076E /* EmotionsWithAI */ = {
			isa = PBXNativeTarget;
			buildConfigurationList = 23102B822DEC77030087076E /* Build configuration list for PBXNativeTarget "EmotionsWithAI" */;
			buildPhases = (
				23102B6E2DEC77010087076E /* Sources */,
				23102B6F2DEC77010087076E /* Frameworks */,
				23102B702DEC77010087076E /* Resources */,
				232D71802E06C3BD007B693D /* Embed Frameworks */,
			);
			buildRules = (
			);
			dependencies = (
			);
			fileSystemSynchronizedGroups = (
				23102B742DEC77010087076E /* EmotionsWithAI */,
			);
			name = EmotionsWithAI;
			packageProductDependencies = (
				232F69392DF5C7DB00E81CE3 /* ObiletCalendar */,
				232F693B2DF5C7DB00E81CE3 /* ObiletCollectionView */,
				23A2F67F2E047CDF00C98FB3 /* ZIPFoundation */,
				23CF4C822E0693DC0099578F /* MBWebService */,
				232D717B2E06C388007B693D /* Lottie */,
			);
			productName = EmotionsWithAI;
			productReference = 23102B722DEC77010087076E /* EmotionsWithAI.app */;
			productType = "com.apple.product-type.application";
		};
/* End PBXNativeTarget section */

/* Begin PBXProject section */
		23102B6A2DEC77000087076E /* Project object */ = {
			isa = PBXProject;
			attributes = {
				BuildIndependentTargetsInParallel = 1;
				LastSwiftUpdateCheck = 1610;
				LastUpgradeCheck = 1610;
				TargetAttributes = {
					23102B712DEC77010087076E = {
						CreatedOnToolsVersion = 16.1;
					};
				};
			};
			buildConfigurationList = 23102B6D2DEC77000087076E /* Build configuration list for PBXProject "EmotionsWithAI" */;
			developmentRegion = en;
			hasScannedForEncodings = 0;
			knownRegions = (
				en,
				Base,
				tr,
			);
			mainGroup = 23102B692DEC77000087076E;
			minimizedProjectReferenceProxies = 1;
			packageReferences = (
				232F69382DF5C7DB00E81CE3 /* XCRemoteSwiftPackageReference "OBCalendar" */,
				23A2F67E2E047CDF00C98FB3 /* XCRemoteSwiftPackageReference "ZIPFoundation" */,
				23CF4C812E0693DC0099578F /* XCRemoteSwiftPackageReference "MBWebService" */,
				232D717A2E06C388007B693D /* XCRemoteSwiftPackageReference "lottie-ios" */,
			);
			preferredProjectObjectVersion = 77;
			productRefGroup = 23102B732DEC77010087076E /* Products */;
			projectDirPath = "";
			projectRoot = "";
			targets = (
				23102B712DEC77010087076E /* EmotionsWithAI */,
			);
		};
/* End PBXProject section */

/* Begin PBXResourcesBuildPhase section */
		23102B702DEC77010087076E /* Resources */ = {
			isa = PBXResourcesBuildPhase;
			buildActionMask = 2147483647;
			files = (
			);
			runOnlyForDeploymentPostprocessing = 0;
		};
/* End PBXResourcesBuildPhase section */

/* Begin PBXSourcesBuildPhase section */
		23102B6E2DEC77010087076E /* Sources */ = {
			isa = PBXSourcesBuildPhase;
			buildActionMask = 2147483647;
			files = (
			);
			runOnlyForDeploymentPostprocessing = 0;
		};
/* End PBXSourcesBuildPhase section */

/* Begin XCBuildConfiguration section */
		23102B802DEC77030087076E /* Debug */ = {
			isa = XCBuildConfiguration;
			buildSettings = {
				ALWAYS_SEARCH_USER_PATHS = NO;
				ASSETCATALOG_COMPILER_GENERATE_SWIFT_ASSET_SYMBOL_EXTENSIONS = YES;
				CLANG_ANALYZER_NONNULL = YES;
				CLANG_ANALYZER_NUMBER_OBJECT_CONVERSION = YES_AGGRESSIVE;
				CLANG_CXX_LANGUAGE_STANDARD = "gnu++20";
				CLANG_ENABLE_MODULES = YES;
				CLANG_ENABLE_OBJC_ARC = YES;
				CLANG_ENABLE_OBJC_WEAK = YES;
				CLANG_WARN_BLOCK_CAPTURE_AUTORELEASING = YES;
				CLANG_WARN_BOOL_CONVERSION = YES;
				CLANG_WARN_COMMA = YES;
				CLANG_WARN_CONSTANT_CONVERSION = YES;
				CLANG_WARN_DEPRECATED_OBJC_IMPLEMENTATIONS = YES;
				CLANG_WARN_DIRECT_OBJC_ISA_USAGE = YES_ERROR;
				CLANG_WARN_DOCUMENTATION_COMMENTS = YES;
				CLANG_WARN_EMPTY_BODY = YES;
				CLANG_WARN_ENUM_CONVERSION = YES;
				CLANG_WARN_INFINITE_RECURSION = YES;
				CLANG_WARN_INT_CONVERSION = YES;
				CLANG_WARN_NON_LITERAL_NULL_CONVERSION = YES;
				CLANG_WARN_OBJC_IMPLICIT_RETAIN_SELF = YES;
				CLANG_WARN_OBJC_LITERAL_CONVERSION = YES;
				CLANG_WARN_OBJC_ROOT_CLASS = YES_ERROR;
				CLANG_WARN_QUOTED_INCLUDE_IN_FRAMEWORK_HEADER = YES;
				CLANG_WARN_RANGE_LOOP_ANALYSIS = YES;
				CLANG_WARN_STRICT_PROTOTYPES = YES;
				CLANG_WARN_SUSPICIOUS_MOVE = YES;
				CLANG_WARN_UNGUARDED_AVAILABILITY = YES_AGGRESSIVE;
				CLANG_WARN_UNREACHABLE_CODE = YES;
				CLANG_WARN__DUPLICATE_METHOD_MATCH = YES;
				COPY_PHASE_STRIP = NO;
				DEBUG_INFORMATION_FORMAT = dwarf;
				ENABLE_STRICT_OBJC_MSGSEND = YES;
				ENABLE_TESTABILITY = YES;
				ENABLE_USER_SCRIPT_SANDBOXING = YES;
				GCC_C_LANGUAGE_STANDARD = gnu17;
				GCC_DYNAMIC_NO_PIC = NO;
				GCC_NO_COMMON_BLOCKS = YES;
				GCC_OPTIMIZATION_LEVEL = 0;
				GCC_PREPROCESSOR_DEFINITIONS = (
					"DEBUG=1",
					"$(inherited)",
				);
				GCC_WARN_64_TO_32_BIT_CONVERSION = YES;
				GCC_WARN_ABOUT_RETURN_TYPE = YES_ERROR;
				GCC_WARN_UNDECLARED_SELECTOR = YES;
				GCC_WARN_UNINITIALIZED_AUTOS = YES_AGGRESSIVE;
				GCC_WARN_UNUSED_FUNCTION = YES;
				GCC_WARN_UNUSED_VARIABLE = YES;
				IPHONEOS_DEPLOYMENT_TARGET = 18.1;
				LOCALIZATION_PREFERS_STRING_CATALOGS = YES;
				MTL_ENABLE_DEBUG_INFO = INCLUDE_SOURCE;
				MTL_FAST_MATH = YES;
				ONLY_ACTIVE_ARCH = YES;
				SDKROOT = iphoneos;
				SWIFT_ACTIVE_COMPILATION_CONDITIONS = "DEBUG $(inherited)";
				SWIFT_EMIT_LOC_STRINGS = YES;
				SWIFT_OPTIMIZATION_LEVEL = "-Onone";
			};
			name = Debug;
		};
		23102B812DEC77030087076E /* Release */ = {
			isa = XCBuildConfiguration;
			buildSettings = {
				ALWAYS_SEARCH_USER_PATHS = NO;
				ASSETCATALOG_COMPILER_GENERATE_SWIFT_ASSET_SYMBOL_EXTENSIONS = YES;
				CLANG_ANALYZER_NONNULL = YES;
				CLANG_ANALYZER_NUMBER_OBJECT_CONVERSION = YES_AGGRESSIVE;
				CLANG_CXX_LANGUAGE_STANDARD = "gnu++20";
				CLANG_ENABLE_MODULES = YES;
				CLANG_ENABLE_OBJC_ARC = YES;
				CLANG_ENABLE_OBJC_WEAK = YES;
				CLANG_WARN_BLOCK_CAPTURE_AUTORELEASING = YES;
				CLANG_WARN_BOOL_CONVERSION = YES;
				CLANG_WARN_COMMA = YES;
				CLANG_WARN_CONSTANT_CONVERSION = YES;
				CLANG_WARN_DEPRECATED_OBJC_IMPLEMENTATIONS = YES;
				CLANG_WARN_DIRECT_OBJC_ISA_USAGE = YES_ERROR;
				CLANG_WARN_DOCUMENTATION_COMMENTS = YES;
				CLANG_WARN_EMPTY_BODY = YES;
				CLANG_WARN_ENUM_CONVERSION = YES;
				CLANG_WARN_INFINITE_RECURSION = YES;
				CLANG_WARN_INT_CONVERSION = YES;
				CLANG_WARN_NON_LITERAL_NULL_CONVERSION = YES;
				CLANG_WARN_OBJC_IMPLICIT_RETAIN_SELF = YES;
				CLANG_WARN_OBJC_LITERAL_CONVERSION = YES;
				CLANG_WARN_OBJC_ROOT_CLASS = YES_ERROR;
				CLANG_WARN_QUOTED_INCLUDE_IN_FRAMEWORK_HEADER = YES;
				CLANG_WARN_RANGE_LOOP_ANALYSIS = YES;
				CLANG_WARN_STRICT_PROTOTYPES = YES;
				CLANG_WARN_SUSPICIOUS_MOVE = YES;
				CLANG_WARN_UNGUARDED_AVAILABILITY = YES_AGGRESSIVE;
				CLANG_WARN_UNREACHABLE_CODE = YES;
				CLANG_WARN__DUPLICATE_METHOD_MATCH = YES;
				COPY_PHASE_STRIP = NO;
				DEBUG_INFORMATION_FORMAT = "dwarf-with-dsym";
				ENABLE_NS_ASSERTIONS = NO;
				ENABLE_STRICT_OBJC_MSGSEND = YES;
				ENABLE_USER_SCRIPT_SANDBOXING = YES;
				GCC_C_LANGUAGE_STANDARD = gnu17;
				GCC_NO_COMMON_BLOCKS = YES;
				GCC_WARN_64_TO_32_BIT_CONVERSION = YES;
				GCC_WARN_ABOUT_RETURN_TYPE = YES_ERROR;
				GCC_WARN_UNDECLARED_SELECTOR = YES;
				GCC_WARN_UNINITIALIZED_AUTOS = YES_AGGRESSIVE;
				GCC_WARN_UNUSED_FUNCTION = YES;
				GCC_WARN_UNUSED_VARIABLE = YES;
				IPHONEOS_DEPLOYMENT_TARGET = 18.1;
				LOCALIZATION_PREFERS_STRING_CATALOGS = YES;
				MTL_ENABLE_DEBUG_INFO = NO;
				MTL_FAST_MATH = YES;
				SDKROOT = iphoneos;
				SWIFT_COMPILATION_MODE = wholemodule;
				SWIFT_EMIT_LOC_STRINGS = YES;
				VALIDATE_PRODUCT = YES;
			};
			name = Release;
		};
		23102B832DEC77030087076E /* Debug */ = {
			isa = XCBuildConfiguration;
			buildSettings = {
				ASSETCATALOG_COMPILER_APPICON_NAME = AppIcon;
				ASSETCATALOG_COMPILER_GLOBAL_ACCENT_COLOR_NAME = AccentColor;
				CODE_SIGN_STYLE = Automatic;
				CURRENT_PROJECT_VERSION = 1;
				DEVELOPMENT_ASSET_PATHS = "\"EmotionsWithAI/Preview Content\"";
				DEVELOPMENT_TEAM = ZBYGRL25JU;
				ENABLE_PREVIEWS = YES;
				GENERATE_INFOPLIST_FILE = YES;
				INFOPLIST_KEY_UIApplicationSceneManifest_Generation = YES;
				INFOPLIST_KEY_UIApplicationSupportsIndirectInputEvents = YES;
				INFOPLIST_KEY_UILaunchScreen_Generation = YES;
				INFOPLIST_KEY_UISupportedInterfaceOrientations_iPad = "UIInterfaceOrientationPortrait UIInterfaceOrientationPortraitUpsideDown UIInterfaceOrientationLandscapeLeft UIInterfaceOrientationLandscapeRight";
				INFOPLIST_KEY_UISupportedInterfaceOrientations_iPhone = "UIInterfaceOrientationPortrait UIInterfaceOrientationLandscapeLeft UIInterfaceOrientationLandscapeRight";
				LD_RUNPATH_SEARCH_PATHS = (
					"$(inherited)",
					"@executable_path/Frameworks",
				);
				MARKETING_VERSION = 1.0;
				PRODUCT_BUNDLE_IDENTIFIER = com.BurakGul.EmotionsWithAI;
				PRODUCT_NAME = "$(TARGET_NAME)";
				SWIFT_EMIT_LOC_STRINGS = YES;
				SWIFT_VERSION = 5.0;
				TARGETED_DEVICE_FAMILY = "1,2";
			};
			name = Debug;
		};
		23102B842DEC77030087076E /* Release */ = {
			isa = XCBuildConfiguration;
			buildSettings = {
				ASSETCATALOG_COMPILER_APPICON_NAME = AppIcon;
				ASSETCATALOG_COMPILER_GLOBAL_ACCENT_COLOR_NAME = AccentColor;
				CODE_SIGN_STYLE = Automatic;
				CURRENT_PROJECT_VERSION = 1;
				DEVELOPMENT_ASSET_PATHS = "\"EmotionsWithAI/Preview Content\"";
				DEVELOPMENT_TEAM = ZBYGRL25JU;
				ENABLE_PREVIEWS = YES;
				GENERATE_INFOPLIST_FILE = YES;
				INFOPLIST_KEY_UIApplicationSceneManifest_Generation = YES;
				INFOPLIST_KEY_UIApplicationSupportsIndirectInputEvents = YES;
				INFOPLIST_KEY_UILaunchScreen_Generation = YES;
				INFOPLIST_KEY_UISupportedInterfaceOrientations_iPad = "UIInterfaceOrientationPortrait UIInterfaceOrientationPortraitUpsideDown UIInterfaceOrientationLandscapeLeft UIInterfaceOrientationLandscapeRight";
				INFOPLIST_KEY_UISupportedInterfaceOrientations_iPhone = "UIInterfaceOrientationPortrait UIInterfaceOrientationLandscapeLeft UIInterfaceOrientationLandscapeRight";
				LD_RUNPATH_SEARCH_PATHS = (
					"$(inherited)",
					"@executable_path/Frameworks",
				);
				MARKETING_VERSION = 1.0;
				PRODUCT_BUNDLE_IDENTIFIER = com.BurakGul.EmotionsWithAI;
				PRODUCT_NAME = "$(TARGET_NAME)";
				SWIFT_EMIT_LOC_STRINGS = YES;
				SWIFT_VERSION = 5.0;
				TARGETED_DEVICE_FAMILY = "1,2";
			};
			name = Release;
		};
/* End XCBuildConfiguration section */

/* Begin XCConfigurationList section */
		23102B6D2DEC77000087076E /* Build configuration list for PBXProject "EmotionsWithAI" */ = {
			isa = XCConfigurationList;
			buildConfigurations = (
				23102B802DEC77030087076E /* Debug */,
				23102B812DEC77030087076E /* Release */,
			);
			defaultConfigurationIsVisible = 0;
			defaultConfigurationName = Release;
		};
		23102B822DEC77030087076E /* Build configuration list for PBXNativeTarget "EmotionsWithAI" */ = {
			isa = XCConfigurationList;
			buildConfigurations = (
				23102B832DEC77030087076E /* Debug */,
				23102B842DEC77030087076E /* Release */,
			);
			defaultConfigurationIsVisible = 0;
			defaultConfigurationName = Release;
		};
/* End XCConfigurationList section */

/* Begin XCRemoteSwiftPackageReference section */
		232D717A2E06C388007B693D /* XCRemoteSwiftPackageReference "lottie-ios" */ = {
			isa = XCRemoteSwiftPackageReference;
			repositoryURL = "https://github.com/airbnb/lottie-ios.git";
			requirement = {
				kind = upToNextMajorVersion;
				minimumVersion = 4.5.2;
			};
		};
		232F69382DF5C7DB00E81CE3 /* XCRemoteSwiftPackageReference "OBCalendar" */ = {
			isa = XCRemoteSwiftPackageReference;
			repositoryURL = "https://github.com/oBilet/OBCalendar";
			requirement = {
				kind = upToNextMajorVersion;
				minimumVersion = 0.2.2;
			};
		};
		23A2F67E2E047CDF00C98FB3 /* XCRemoteSwiftPackageReference "ZIPFoundation" */ = {
			isa = XCRemoteSwiftPackageReference;
			repositoryURL = "https://github.com/weichsel/ZIPFoundation.git";
			requirement = {
				kind = upToNextMajorVersion;
				minimumVersion = 0.9.19;
			};
		};
		23CF4C812E0693DC0099578F /* XCRemoteSwiftPackageReference "MBWebService" */ = {
			isa = XCRemoteSwiftPackageReference;
			repositoryURL = "https://github.com/developerburakgul/MBWebService";
			requirement = {
				branch = development;
				kind = branch;
			};
		};
/* End XCRemoteSwiftPackageReference section */

/* Begin XCSwiftPackageProductDependency section */
		232D717B2E06C388007B693D /* Lottie */ = {
			isa = XCSwiftPackageProductDependency;
			package = 232D717A2E06C388007B693D /* XCRemoteSwiftPackageReference "lottie-ios" */;
			productName = Lottie;
		};
		232F69392DF5C7DB00E81CE3 /* ObiletCalendar */ = {
			isa = XCSwiftPackageProductDependency;
			package = 232F69382DF5C7DB00E81CE3 /* XCRemoteSwiftPackageReference "OBCalendar" */;
			productName = ObiletCalendar;
		};
		232F693B2DF5C7DB00E81CE3 /* ObiletCollectionView */ = {
			isa = XCSwiftPackageProductDependency;
			package = 232F69382DF5C7DB00E81CE3 /* XCRemoteSwiftPackageReference "OBCalendar" */;
			productName = ObiletCollectionView;
		};
		23A2F67F2E047CDF00C98FB3 /* ZIPFoundation */ = {
			isa = XCSwiftPackageProductDependency;
			package = 23A2F67E2E047CDF00C98FB3 /* XCRemoteSwiftPackageReference "ZIPFoundation" */;
			productName = ZIPFoundation;
		};
		23CF4C822E0693DC0099578F /* MBWebService */ = {
			isa = XCSwiftPackageProductDependency;
			package = 23CF4C812E0693DC0099578F /* XCRemoteSwiftPackageReference "MBWebService" */;
			productName = MBWebService;
		};
/* End XCSwiftPackageProductDependency section */
	};
	rootObject = 23102B6A2DEC77000087076E /* Project object */;
}
