{
  "originHash" : "fea5a05d7ab1b9b4e5232a7f59eeac6c69c0db4ea14ba2644833f9608070dd02",
  "pins" : [
    {
      "identity" : "obcalendar",
      "kind" : "remoteSourceControl",
      "location" : "https://github.com/oBilet/OBCalendar",
      "state" : {
        "revision" : "851654293da2675a922ce3e2f4fd316e53fcc6d2",
        "version" : "0.2.2"
      }
    }
  ],
  "version" : 3
}
